
Microsoft Visual Studio Solution File, Format Version 12.00
# Visual Studio Version 17
VisualStudioVersion = 17.8.34511.84
MinimumVisualStudioVersion = 10.0.40219.1
Project("{FAE04EC0-301F-11D3-BF4B-00C04F79EFBC}") = "CleanArchMVC.Domain", "CleanArchMVC.Domain\CleanArchMVC.Domain.csproj", "{57BDCA04-B0C7-4F60-AB0C-E6C1C593DF06}"
EndProject
Project("{FAE04EC0-301F-11D3-BF4B-00C04F79EFBC}") = "CleanArchMVC.Application", "CleanArchMVC.Application\CleanArchMVC.Application.csproj", "{24E725CC-BCF5-4F1D-BD60-F4C9CBEE6A0D}"
EndProject
Project("{FAE04EC0-301F-11D3-BF4B-00C04F79EFBC}") = "CleanArchMVC.Infra.Data", "CleanArchMVC.Infra.Data\CleanArchMVC.Infra.Data.csproj", "{59A5DE09-E8F4-4D8A-8B04-ADF725719656}"
EndProject
Project("{FAE04EC0-301F-11D3-BF4B-00C04F79EFBC}") = "CleanArchMVC.Infra.IoC", "CleanArchMVC.Infra.IoC\CleanArchMVC.Infra.IoC.csproj", "{A16B5960-EACD-401A-A6E5-6C5D8E6958E9}"
EndProject
Project("{FAE04EC0-301F-11D3-BF4B-00C04F79EFBC}") = "CleanArchMVC.WebUI", "CleanArchMVC.WebUI\CleanArchMVC.WebUI.csproj", "{5545316C-C6F9-4467-AA49-69BE2395C3E1}"
EndProject
Global
	GlobalSection(SolutionConfigurationPlatforms) = preSolution
		Debug|Any CPU = Debug|Any CPU
		Release|Any CPU = Release|Any CPU
	EndGlobalSection
	GlobalSection(ProjectConfigurationPlatforms) = postSolution
		{57BDCA04-B0C7-4F60-AB0C-E6C1C593DF06}.Debug|Any CPU.ActiveCfg = Debug|Any CPU
		{57BDCA04-B0C7-4F60-AB0C-E6C1C593DF06}.Debug|Any CPU.Build.0 = Debug|Any CPU
		{57BDCA04-B0C7-4F60-AB0C-E6C1C593DF06}.Release|Any CPU.ActiveCfg = Release|Any CPU
		{57BDCA04-B0C7-4F60-AB0C-E6C1C593DF06}.Release|Any CPU.Build.0 = Release|Any CPU
		{24E725CC-BCF5-4F1D-BD60-F4C9CBEE6A0D}.Debug|Any CPU.ActiveCfg = Debug|Any CPU
		{24E725CC-BCF5-4F1D-BD60-F4C9CBEE6A0D}.Debug|Any CPU.Build.0 = Debug|Any CPU
		{24E725CC-BCF5-4F1D-BD60-F4C9CBEE6A0D}.Release|Any CPU.ActiveCfg = Release|Any CPU
		{24E725CC-BCF5-4F1D-BD60-F4C9CBEE6A0D}.Release|Any CPU.Build.0 = Release|Any CPU
		{59A5DE09-E8F4-4D8A-8B04-ADF725719656}.Debug|Any CPU.ActiveCfg = Debug|Any CPU
		{59A5DE09-E8F4-4D8A-8B04-ADF725719656}.Debug|Any CPU.Build.0 = Debug|Any CPU
		{59A5DE09-E8F4-4D8A-8B04-ADF725719656}.Release|Any CPU.ActiveCfg = Release|Any CPU
		{59A5DE09-E8F4-4D8A-8B04-ADF725719656}.Release|Any CPU.Build.0 = Release|Any CPU
		{A16B5960-EACD-401A-A6E5-6C5D8E6958E9}.Debug|Any CPU.ActiveCfg = Debug|Any CPU
		{A16B5960-EACD-401A-A6E5-6C5D8E6958E9}.Debug|Any CPU.Build.0 = Debug|Any CPU
		{A16B5960-EACD-401A-A6E5-6C5D8E6958E9}.Release|Any CPU.ActiveCfg = Release|Any CPU
		{A16B5960-EACD-401A-A6E5-6C5D8E6958E9}.Release|Any CPU.Build.0 = Release|Any CPU
		{5545316C-C6F9-4467-AA49-69BE2395C3E1}.Debug|Any CPU.ActiveCfg = Debug|Any CPU
		{5545316C-C6F9-4467-AA49-69BE2395C3E1}.Debug|Any CPU.Build.0 = Debug|Any CPU
		{5545316C-C6F9-4467-AA49-69BE2395C3E1}.Release|Any CPU.ActiveCfg = Release|Any CPU
		{5545316C-C6F9-4467-AA49-69BE2395C3E1}.Release|Any CPU.Build.0 = Release|Any CPU
	EndGlobalSection
	GlobalSection(SolutionProperties) = preSolution
		HideSolutionNode = FALSE
	EndGlobalSection
	GlobalSection(ExtensibilityGlobals) = postSolution
		SolutionGuid = {DA62C516-D182-4E1A-92E0-66DE8B96BA47}
	EndGlobalSection
EndGlobal
